// !$*UTF8*$!
{
	archiveVersion = 1;
	classes = {
	};
	objectVersion = 46;
	objects = {

/* Begin PBXBuildFile section */
		6409671F82EF836FCCE519A5 /* Pods_Clean_WaterUITests.framework in Frameworks */ = {isa = PBXBuildFile; fileRef = 25096E31806CE9347C5493DC /* Pods_Clean_WaterUITests.framework */; };
		9A26681E1E5E780C00D1F592 /* AppDelegate.swift in Sources */ = {isa = PBXBuildFile; fileRef = 9A26681D1E5E780C00D1F592 /* AppDelegate.swift */; };
		9A2668201E5E780C00D1F592 /* IndexViewController.swift in Sources */ = {isa = PBXBuildFile; fileRef = 9A26681F1E5E780C00D1F592 /* IndexViewController.swift */; };
		9A2668231E5E780C00D1F592 /* Main.storyboard in Resources */ = {isa = PBXBuildFile; fileRef = 9A2668211E5E780C00D1F592 /* Main.storyboard */; };
		9A2668251E5E780C00D1F592 /* Assets.xcassets in Resources */ = {isa = PBXBuildFile; fileRef = 9A2668241E5E780C00D1F592 /* Assets.xcassets */; };
		9A2668281E5E780C00D1F592 /* LaunchScreen.storyboard in Resources */ = {isa = PBXBuildFile; fileRef = 9A2668261E5E780C00D1F592 /* LaunchScreen.storyboard */; };
		9A2668331E5E780C00D1F592 /* Clean_WaterTests.swift in Sources */ = {isa = PBXBuildFile; fileRef = 9A2668321E5E780C00D1F592 /* Clean_WaterTests.swift */; };
		9A26683E1E5E780C00D1F592 /* Clean_WaterUITests.swift in Sources */ = {isa = PBXBuildFile; fileRef = 9A26683D1E5E780C00D1F592 /* Clean_WaterUITests.swift */; };
		9A2A95581E8620510098EE2E /* ColorExtension.swift in Sources */ = {isa = PBXBuildFile; fileRef = 9A2A95571E8620510098EE2E /* ColorExtension.swift */; };
		9A2A955A1E8628FF0098EE2E /* TabBarController.swift in Sources */ = {isa = PBXBuildFile; fileRef = 9A2A95591E8628FF0098EE2E /* TabBarController.swift */; };
		9A3D04061E84D63F00097C7A /* WaterReportViewController.swift in Sources */ = {isa = PBXBuildFile; fileRef = 9A3D04051E84D63F00097C7A /* WaterReportViewController.swift */; };
		9A3D04081E84E17000097C7A /* NewWaterReportViewController.swift in Sources */ = {isa = PBXBuildFile; fileRef = 9A3D04071E84E17000097C7A /* NewWaterReportViewController.swift */; };
		9A4DABAD1E5E82A000AB9DB4 /* LoginViewController.swift in Sources */ = {isa = PBXBuildFile; fileRef = 9A4DABAC1E5E82A000AB9DB4 /* LoginViewController.swift */; };
		9A4DABAF1E5E82DA00AB9DB4 /* RegisterViewController.swift in Sources */ = {isa = PBXBuildFile; fileRef = 9A4DABAE1E5E82DA00AB9DB4 /* RegisterViewController.swift */; };
		9A9F33D51E85CF1600D18E27 /* UserModel.xcdatamodeld in Sources */ = {isa = PBXBuildFile; fileRef = 9A9F33D31E85CF1600D18E27 /* UserModel.xcdatamodeld */; };
		9A9F33D91E85E65F00D18E27 /* SettingsTableViewController.swift in Sources */ = {isa = PBXBuildFile; fileRef = 9A9F33D81E85E65F00D18E27 /* SettingsTableViewController.swift */; };
		9A9F33DB1E85E8B900D18E27 /* EditTableViewController.swift in Sources */ = {isa = PBXBuildFile; fileRef = 9A9F33DA1E85E8B900D18E27 /* EditTableViewController.swift */; };
		9AABAE791EACF10500D4CBC9 /* animation.gif in Resources */ = {isa = PBXBuildFile; fileRef = 9AABAE781EACF10500D4CBC9 /* animation.gif */; };
		9AABAE7D1EAD3EF300D4CBC9 /* ReportViewController.swift in Sources */ = {isa = PBXBuildFile; fileRef = 9AABAE7C1EAD3EF300D4CBC9 /* ReportViewController.swift */; };
		9AABAE7F1EAD55C600D4CBC9 /* animation_blue.gif in Resources */ = {isa = PBXBuildFile; fileRef = 9AABAE7E1EAD55C600D4CBC9 /* animation_blue.gif */; };
		9AABAE811EAD5E4400D4CBC9 /* GraphViewController.swift in Sources */ = {isa = PBXBuildFile; fileRef = 9AABAE801EAD5E4400D4CBC9 /* GraphViewController.swift */; };
		9AC6316E1EADC80900AD057D /* SubmitAvailabilityViewController.swift in Sources */ = {isa = PBXBuildFile; fileRef = 9AC6316D1EADC80900AD057D /* SubmitAvailabilityViewController.swift */; };
		9AC631701EADC9F600AD057D /* SubmitPurityViewController.swift in Sources */ = {isa = PBXBuildFile; fileRef = 9AC6316F1EADC9F600AD057D /* SubmitPurityViewController.swift */; };
		9AC631721EADD45E00AD057D /* SweetAlert.swift in Sources */ = {isa = PBXBuildFile; fileRef = 9AC631711EADD45E00AD057D /* SweetAlert.swift */; };
		9AE67A751E675C4E0004DA53 /* GoogleMapsViewController.swift in Sources */ = {isa = PBXBuildFile; fileRef = 9AE67A741E675C4E0004DA53 /* GoogleMapsViewController.swift */; };
		9AECB5701E84C4670084A9D1 /* GoogleService-Info.plist in Resources */ = {isa = PBXBuildFile; fileRef = 9AECB56F1E84C4670084A9D1 /* GoogleService-Info.plist */; };
		AB8694DE8ADED5B5EDDF8D0A /* Pods_Clean_WaterTests.framework in Frameworks */ = {isa = PBXBuildFile; fileRef = FD31D39B64A294237D1F3598 /* Pods_Clean_WaterTests.framework */; };
		DDFA974A55AFC99B4BC50701 /* Pods_Clean_Water.framework in Frameworks */ = {isa = PBXBuildFile; fileRef = 8FED1BBDAF9470614FC6105F /* Pods_Clean_Water.framework */; };
/* End PBXBuildFile section */

/* Begin PBXContainerItemProxy section */
		9A26682F1E5E780C00D1F592 /* PBXContainerItemProxy */ = {
			isa = PBXContainerItemProxy;
			containerPortal = 9A2668121E5E780C00D1F592 /* Project object */;
			proxyType = 1;
			remoteGlobalIDString = 9A2668191E5E780C00D1F592;
			remoteInfo = "Clean Water";
		};
		9A26683A1E5E780C00D1F592 /* PBXContainerItemProxy */ = {
			isa = PBXContainerItemProxy;
			containerPortal = 9A2668121E5E780C00D1F592 /* Project object */;
			proxyType = 1;
			remoteGlobalIDString = 9A2668191E5E780C00D1F592;
			remoteInfo = "Clean Water";
		};
/* End PBXContainerItemProxy section */

/* Begin PBXFileReference section */
		06D08755CD655C64E5329174 /* Pods-Clean WaterTests.debug.xcconfig */ = {isa = PBXFileReference; includeInIndex = 1; lastKnownFileType = text.xcconfig; name = "Pods-Clean WaterTests.debug.xcconfig"; path = "Pods/Target Support Files/Pods-Clean WaterTests/Pods-Clean WaterTests.debug.xcconfig"; sourceTree = "<group>"; };
		25096E31806CE9347C5493DC /* Pods_Clean_WaterUITests.framework */ = {isa = PBXFileReference; explicitFileType = wrapper.framework; includeInIndex = 0; path = Pods_Clean_WaterUITests.framework; sourceTree = BUILT_PRODUCTS_DIR; };
		325DE12AE941587476FCE947 /* Pods-Clean WaterUITests.release.xcconfig */ = {isa = PBXFileReference; includeInIndex = 1; lastKnownFileType = text.xcconfig; name = "Pods-Clean WaterUITests.release.xcconfig"; path = "Pods/Target Support Files/Pods-Clean WaterUITests/Pods-Clean WaterUITests.release.xcconfig"; sourceTree = "<group>"; };
		8FED1BBDAF9470614FC6105F /* Pods_Clean_Water.framework */ = {isa = PBXFileReference; explicitFileType = wrapper.framework; includeInIndex = 0; path = Pods_Clean_Water.framework; sourceTree = BUILT_PRODUCTS_DIR; };
		929DD51AD13332E84FEF7DDF /* Pods-Clean WaterTests.release.xcconfig */ = {isa = PBXFileReference; includeInIndex = 1; lastKnownFileType = text.xcconfig; name = "Pods-Clean WaterTests.release.xcconfig"; path = "Pods/Target Support Files/Pods-Clean WaterTests/Pods-Clean WaterTests.release.xcconfig"; sourceTree = "<group>"; };
		9A26681A1E5E780C00D1F592 /* Clean Water.app */ = {isa = PBXFileReference; explicitFileType = wrapper.application; includeInIndex = 0; path = "Clean Water.app"; sourceTree = BUILT_PRODUCTS_DIR; };
		9A26681D1E5E780C00D1F592 /* AppDelegate.swift */ = {isa = PBXFileReference; lastKnownFileType = sourcecode.swift; path = AppDelegate.swift; sourceTree = "<group>"; };
		9A26681F1E5E780C00D1F592 /* IndexViewController.swift */ = {isa = PBXFileReference; lastKnownFileType = sourcecode.swift; path = IndexViewController.swift; sourceTree = "<group>"; };
		9A2668221E5E780C00D1F592 /* Base */ = {isa = PBXFileReference; lastKnownFileType = file.storyboard; name = Base; path = Base.lproj/Main.storyboard; sourceTree = "<group>"; };
		9A2668241E5E780C00D1F592 /* Assets.xcassets */ = {isa = PBXFileReference; lastKnownFileType = folder.assetcatalog; path = Assets.xcassets; sourceTree = "<group>"; };
		9A2668271E5E780C00D1F592 /* Base */ = {isa = PBXFileReference; lastKnownFileType = file.storyboard; name = Base; path = Base.lproj/LaunchScreen.storyboard; sourceTree = "<group>"; };
		9A2668291E5E780C00D1F592 /* Info.plist */ = {isa = PBXFileReference; lastKnownFileType = text.plist.xml; path = Info.plist; sourceTree = "<group>"; };
		9A26682E1E5E780C00D1F592 /* Clean WaterTests.xctest */ = {isa = PBXFileReference; explicitFileType = wrapper.cfbundle; includeInIndex = 0; path = "Clean WaterTests.xctest"; sourceTree = BUILT_PRODUCTS_DIR; };
		9A2668321E5E780C00D1F592 /* Clean_WaterTests.swift */ = {isa = PBXFileReference; lastKnownFileType = sourcecode.swift; path = Clean_WaterTests.swift; sourceTree = "<group>"; };
		9A2668341E5E780C00D1F592 /* Info.plist */ = {isa = PBXFileReference; lastKnownFileType = text.plist.xml; path = Info.plist; sourceTree = "<group>"; };
		9A2668391E5E780C00D1F592 /* Clean WaterUITests.xctest */ = {isa = PBXFileReference; explicitFileType = wrapper.cfbundle; includeInIndex = 0; path = "Clean WaterUITests.xctest"; sourceTree = BUILT_PRODUCTS_DIR; };
		9A26683D1E5E780C00D1F592 /* Clean_WaterUITests.swift */ = {isa = PBXFileReference; lastKnownFileType = sourcecode.swift; path = Clean_WaterUITests.swift; sourceTree = "<group>"; };
		9A26683F1E5E780C00D1F592 /* Info.plist */ = {isa = PBXFileReference; lastKnownFileType = text.plist.xml; path = Info.plist; sourceTree = "<group>"; };
		9A2A95571E8620510098EE2E /* ColorExtension.swift */ = {isa = PBXFileReference; fileEncoding = 4; lastKnownFileType = sourcecode.swift; path = ColorExtension.swift; sourceTree = "<group>"; };
		9A2A95591E8628FF0098EE2E /* TabBarController.swift */ = {isa = PBXFileReference; fileEncoding = 4; lastKnownFileType = sourcecode.swift; path = TabBarController.swift; sourceTree = "<group>"; };
		9A3D04051E84D63F00097C7A /* WaterReportViewController.swift */ = {isa = PBXFileReference; fileEncoding = 4; lastKnownFileType = sourcecode.swift; path = WaterReportViewController.swift; sourceTree = "<group>"; };
		9A3D04071E84E17000097C7A /* NewWaterReportViewController.swift */ = {isa = PBXFileReference; fileEncoding = 4; lastKnownFileType = sourcecode.swift; path = NewWaterReportViewController.swift; sourceTree = "<group>"; };
		9A4DABAC1E5E82A000AB9DB4 /* LoginViewController.swift */ = {isa = PBXFileReference; fileEncoding = 4; lastKnownFileType = sourcecode.swift; path = LoginViewController.swift; sourceTree = "<group>"; };
		9A4DABAE1E5E82DA00AB9DB4 /* RegisterViewController.swift */ = {isa = PBXFileReference; fileEncoding = 4; lastKnownFileType = sourcecode.swift; path = RegisterViewController.swift; sourceTree = "<group>"; };
		9A9F33D41E85CF1600D18E27 /* UserModel.xcdatamodel */ = {isa = PBXFileReference; lastKnownFileType = wrapper.xcdatamodel; path = UserModel.xcdatamodel; sourceTree = "<group>"; };
		9A9F33D81E85E65F00D18E27 /* SettingsTableViewController.swift */ = {isa = PBXFileReference; fileEncoding = 4; lastKnownFileType = sourcecode.swift; path = SettingsTableViewController.swift; sourceTree = "<group>"; };
		9A9F33DA1E85E8B900D18E27 /* EditTableViewController.swift */ = {isa = PBXFileReference; fileEncoding = 4; lastKnownFileType = sourcecode.swift; path = EditTableViewController.swift; sourceTree = "<group>"; };
		9AABAE781EACF10500D4CBC9 /* animation.gif */ = {isa = PBXFileReference; lastKnownFileType = image.gif; path = animation.gif; sourceTree = "<group>"; };
		9AABAE7C1EAD3EF300D4CBC9 /* ReportViewController.swift */ = {isa = PBXFileReference; fileEncoding = 4; lastKnownFileType = sourcecode.swift; path = ReportViewController.swift; sourceTree = "<group>"; };
		9AABAE7E1EAD55C600D4CBC9 /* animation_blue.gif */ = {isa = PBXFileReference; lastKnownFileType = image.gif; path = animation_blue.gif; sourceTree = "<group>"; };
		9AABAE801EAD5E4400D4CBC9 /* GraphViewController.swift */ = {isa = PBXFileReference; fileEncoding = 4; lastKnownFileType = sourcecode.swift; path = GraphViewController.swift; sourceTree = "<group>"; };
		9AC6316D1EADC80900AD057D /* SubmitAvailabilityViewController.swift */ = {isa = PBXFileReference; fileEncoding = 4; lastKnownFileType = sourcecode.swift; path = SubmitAvailabilityViewController.swift; sourceTree = "<group>"; };
		9AC6316F1EADC9F600AD057D /* SubmitPurityViewController.swift */ = {isa = PBXFileReference; fileEncoding = 4; lastKnownFileType = sourcecode.swift; path = SubmitPurityViewController.swift; sourceTree = "<group>"; };
		9AC631711EADD45E00AD057D /* SweetAlert.swift */ = {isa = PBXFileReference; fileEncoding = 4; lastKnownFileType = sourcecode.swift; path = SweetAlert.swift; sourceTree = "<group>"; };
		9AE67A741E675C4E0004DA53 /* GoogleMapsViewController.swift */ = {isa = PBXFileReference; fileEncoding = 4; lastKnownFileType = sourcecode.swift; path = GoogleMapsViewController.swift; sourceTree = "<group>"; };
		9AECB56F1E84C4670084A9D1 /* GoogleService-Info.plist */ = {isa = PBXFileReference; fileEncoding = 4; lastKnownFileType = text.plist.xml; path = "GoogleService-Info.plist"; sourceTree = "<group>"; };
		A4343F62FA6EE788B2E362AC /* Pods-Clean Water.release.xcconfig */ = {isa = PBXFileReference; includeInIndex = 1; lastKnownFileType = text.xcconfig; name = "Pods-Clean Water.release.xcconfig"; path = "Pods/Target Support Files/Pods-Clean Water/Pods-Clean Water.release.xcconfig"; sourceTree = "<group>"; };
		B689572D0945AFF5CA7AFF86 /* Pods-Clean Water.debug.xcconfig */ = {isa = PBXFileReference; includeInIndex = 1; lastKnownFileType = text.xcconfig; name = "Pods-Clean Water.debug.xcconfig"; path = "Pods/Target Support Files/Pods-Clean Water/Pods-Clean Water.debug.xcconfig"; sourceTree = "<group>"; };
		FB988146CFE5D18D7640D490 /* Pods-Clean WaterUITests.debug.xcconfig */ = {isa = PBXFileReference; includeInIndex = 1; lastKnownFileType = text.xcconfig; name = "Pods-Clean WaterUITests.debug.xcconfig"; path = "Pods/Target Support Files/Pods-Clean WaterUITests/Pods-Clean WaterUITests.debug.xcconfig"; sourceTree = "<group>"; };
		FD31D39B64A294237D1F3598 /* Pods_Clean_WaterTests.framework */ = {isa = PBXFileReference; explicitFileType = wrapper.framework; includeInIndex = 0; path = Pods_Clean_WaterTests.framework; sourceTree = BUILT_PRODUCTS_DIR; };
/* End PBXFileReference section */

/* Begin PBXFrameworksBuildPhase section */
		9A2668171E5E780C00D1F592 /* Frameworks */ = {
			isa = PBXFrameworksBuildPhase;
			buildActionMask = 2147483647;
			files = (
				DDFA974A55AFC99B4BC50701 /* Pods_Clean_Water.framework in Frameworks */,
			);
			runOnlyForDeploymentPostprocessing = 0;
		};
		9A26682B1E5E780C00D1F592 /* Frameworks */ = {
			isa = PBXFrameworksBuildPhase;
			buildActionMask = 2147483647;
			files = (
				AB8694DE8ADED5B5EDDF8D0A /* Pods_Clean_WaterTests.framework in Frameworks */,
			);
			runOnlyForDeploymentPostprocessing = 0;
		};
		9A2668361E5E780C00D1F592 /* Frameworks */ = {
			isa = PBXFrameworksBuildPhase;
			buildActionMask = 2147483647;
			files = (
				6409671F82EF836FCCE519A5 /* Pods_Clean_WaterUITests.framework in Frameworks */,
			);
			runOnlyForDeploymentPostprocessing = 0;
		};
/* End PBXFrameworksBuildPhase section */

/* Begin PBXGroup section */
		714078D546450291D6FE4BE2 /* Frameworks */ = {
			isa = PBXGroup;
			children = (
				8FED1BBDAF9470614FC6105F /* Pods_Clean_Water.framework */,
				FD31D39B64A294237D1F3598 /* Pods_Clean_WaterTests.framework */,
				25096E31806CE9347C5493DC /* Pods_Clean_WaterUITests.framework */,
			);
			name = Frameworks;
			sourceTree = "<group>";
		};
		73ABA75BF9937E9F11672700 /* Pods */ = {
			isa = PBXGroup;
			children = (
				B689572D0945AFF5CA7AFF86 /* Pods-Clean Water.debug.xcconfig */,
				A4343F62FA6EE788B2E362AC /* Pods-Clean Water.release.xcconfig */,
				06D08755CD655C64E5329174 /* Pods-Clean WaterTests.debug.xcconfig */,
				929DD51AD13332E84FEF7DDF /* Pods-Clean WaterTests.release.xcconfig */,
				FB988146CFE5D18D7640D490 /* Pods-Clean WaterUITests.debug.xcconfig */,
				325DE12AE941587476FCE947 /* Pods-Clean WaterUITests.release.xcconfig */,
			);
			name = Pods;
			sourceTree = "<group>";
		};
		9A2668111E5E780C00D1F592 = {
			isa = PBXGroup;
			children = (
				9A26681C1E5E780C00D1F592 /* Clean Water */,
				9A2668311E5E780C00D1F592 /* Clean WaterTests */,
				9A26683C1E5E780C00D1F592 /* Clean WaterUITests */,
				9A26681B1E5E780C00D1F592 /* Products */,
				73ABA75BF9937E9F11672700 /* Pods */,
				714078D546450291D6FE4BE2 /* Frameworks */,
			);
			sourceTree = "<group>";
		};
		9A26681B1E5E780C00D1F592 /* Products */ = {
			isa = PBXGroup;
			children = (
				9A26681A1E5E780C00D1F592 /* Clean Water.app */,
				9A26682E1E5E780C00D1F592 /* Clean WaterTests.xctest */,
				9A2668391E5E780C00D1F592 /* Clean WaterUITests.xctest */,
			);
			name = Products;
			sourceTree = "<group>";
		};
		9A26681C1E5E780C00D1F592 /* Clean Water */ = {
			isa = PBXGroup;
			children = (
				9A910F271E68C1A8006EB57B /* Models */,
				9A26681D1E5E780C00D1F592 /* AppDelegate.swift */,
				9A26681F1E5E780C00D1F592 /* IndexViewController.swift */,
				9AABAE781EACF10500D4CBC9 /* animation.gif */,
				9AABAE7E1EAD55C600D4CBC9 /* animation_blue.gif */,
				9A4DABAC1E5E82A000AB9DB4 /* LoginViewController.swift */,
				9A4DABAE1E5E82DA00AB9DB4 /* RegisterViewController.swift */,
				9AC631711EADD45E00AD057D /* SweetAlert.swift */,
				9A2668211E5E780C00D1F592 /* Main.storyboard */,
				9A2A95591E8628FF0098EE2E /* TabBarController.swift */,
				9A3D04051E84D63F00097C7A /* WaterReportViewController.swift */,
				9AABAE7C1EAD3EF300D4CBC9 /* ReportViewController.swift */,
				9A3D04071E84E17000097C7A /* NewWaterReportViewController.swift */,
				9AC6316D1EADC80900AD057D /* SubmitAvailabilityViewController.swift */,
				9AC6316F1EADC9F600AD057D /* SubmitPurityViewController.swift */,
				9AABAE801EAD5E4400D4CBC9 /* GraphViewController.swift */,
				9AE67A741E675C4E0004DA53 /* GoogleMapsViewController.swift */,
				9A9F33D81E85E65F00D18E27 /* SettingsTableViewController.swift */,
				9A9F33DA1E85E8B900D18E27 /* EditTableViewController.swift */,
				9A9F33D31E85CF1600D18E27 /* UserModel.xcdatamodeld */,
				9A2A95571E8620510098EE2E /* ColorExtension.swift */,
				9A2668241E5E780C00D1F592 /* Assets.xcassets */,
				9A2668261E5E780C00D1F592 /* LaunchScreen.storyboard */,
				9AECB56F1E84C4670084A9D1 /* GoogleService-Info.plist */,
				9A2668291E5E780C00D1F592 /* Info.plist */,
			);
			path = "Clean Water";
			sourceTree = "<group>";
		};
		9A2668311E5E780C00D1F592 /* Clean WaterTests */ = {
			isa = PBXGroup;
			children = (
				9A2668321E5E780C00D1F592 /* Clean_WaterTests.swift */,
				9A2668341E5E780C00D1F592 /* Info.plist */,
			);
			path = "Clean WaterTests";
			sourceTree = "<group>";
		};
		9A26683C1E5E780C00D1F592 /* Clean WaterUITests */ = {
			isa = PBXGroup;
			children = (
				9A26683D1E5E780C00D1F592 /* Clean_WaterUITests.swift */,
				9A26683F1E5E780C00D1F592 /* Info.plist */,
			);
			path = "Clean WaterUITests";
			sourceTree = "<group>";
		};
		9A910F271E68C1A8006EB57B /* Models */ = {
			isa = PBXGroup;
			children = (
			);
			name = Models;
			sourceTree = "<group>";
		};
/* End PBXGroup section */

/* Begin PBXNativeTarget section */
		9A2668191E5E780C00D1F592 /* Clean Water */ = {
			isa = PBXNativeTarget;
			buildConfigurationList = 9A2668421E5E780C00D1F592 /* Build configuration list for PBXNativeTarget "Clean Water" */;
			buildPhases = (
				02F332C59BCF7048E550D403 /* [CP] Check Pods Manifest.lock */,
				9A2668161E5E780C00D1F592 /* Sources */,
				9A2668171E5E780C00D1F592 /* Frameworks */,
				9A2668181E5E780C00D1F592 /* Resources */,
				B58A8EAA9264DEB1729FC6DA /* [CP] Embed Pods Frameworks */,
				AA4A06400445BEDA08C0466D /* [CP] Copy Pods Resources */,
			);
			buildRules = (
			);
			dependencies = (
			);
			name = "Clean Water";
			productName = "Clean Water";
			productReference = 9A26681A1E5E780C00D1F592 /* Clean Water.app */;
			productType = "com.apple.product-type.application";
		};
		9A26682D1E5E780C00D1F592 /* Clean WaterTests */ = {
			isa = PBXNativeTarget;
			buildConfigurationList = 9A2668451E5E780C00D1F592 /* Build configuration list for PBXNativeTarget "Clean WaterTests" */;
			buildPhases = (
				9F2355C1CC7392F68535D0E4 /* [CP] Check Pods Manifest.lock */,
				9A26682A1E5E780C00D1F592 /* Sources */,
				9A26682B1E5E780C00D1F592 /* Frameworks */,
				9A26682C1E5E780C00D1F592 /* Resources */,
				CA2C0B04D4DB1E1B6730AF63 /* [CP] Embed Pods Frameworks */,
				042A1149A829431E5B72B21D /* [CP] Copy Pods Resources */,
			);
			buildRules = (
			);
			dependencies = (
				9A2668301E5E780C00D1F592 /* PBXTargetDependency */,
			);
			name = "Clean WaterTests";
			productName = "Clean WaterTests";
			productReference = 9A26682E1E5E780C00D1F592 /* Clean WaterTests.xctest */;
			productType = "com.apple.product-type.bundle.unit-test";
		};
		9A2668381E5E780C00D1F592 /* Clean WaterUITests */ = {
			isa = PBXNativeTarget;
			buildConfigurationList = 9A2668481E5E780C00D1F592 /* Build configuration list for PBXNativeTarget "Clean WaterUITests" */;
			buildPhases = (
				23DDAC49CA936264A9B63FCA /* [CP] Check Pods Manifest.lock */,
				9A2668351E5E780C00D1F592 /* Sources */,
				9A2668361E5E780C00D1F592 /* Frameworks */,
				9A2668371E5E780C00D1F592 /* Resources */,
				2CDAF208915CE21E8C56A2DF /* [CP] Embed Pods Frameworks */,
				2A398D2570F12CFEB65A7330 /* [CP] Copy Pods Resources */,
			);
			buildRules = (
			);
			dependencies = (
				9A26683B1E5E780C00D1F592 /* PBXTargetDependency */,
			);
			name = "Clean WaterUITests";
			productName = "Clean WaterUITests";
			productReference = 9A2668391E5E780C00D1F592 /* Clean WaterUITests.xctest */;
			productType = "com.apple.product-type.bundle.ui-testing";
		};
/* End PBXNativeTarget section */

/* Begin PBXProject section */
		9A2668121E5E780C00D1F592 /* Project object */ = {
			isa = PBXProject;
			attributes = {
				LastSwiftUpdateCheck = 0820;
				LastUpgradeCheck = 0820;
				ORGANIZATIONNAME = "Varun Ballari";
				TargetAttributes = {
					9A2668191E5E780C00D1F592 = {
						CreatedOnToolsVersion = 8.2.1;
						DevelopmentTeam = LWRX96C84L;
						ProvisioningStyle = Automatic;
					};
					9A26682D1E5E780C00D1F592 = {
						CreatedOnToolsVersion = 8.2.1;
						ProvisioningStyle = Automatic;
						TestTargetID = 9A2668191E5E780C00D1F592;
					};
					9A2668381E5E780C00D1F592 = {
						CreatedOnToolsVersion = 8.2.1;
						ProvisioningStyle = Automatic;
						TestTargetID = 9A2668191E5E780C00D1F592;
					};
				};
			};
			buildConfigurationList = 9A2668151E5E780C00D1F592 /* Build configuration list for PBXProject "Clean Water" */;
			compatibilityVersion = "Xcode 3.2";
			developmentRegion = English;
			hasScannedForEncodings = 0;
			knownRegions = (
				en,
				Base,
			);
			mainGroup = 9A2668111E5E780C00D1F592;
			productRefGroup = 9A26681B1E5E780C00D1F592 /* Products */;
			projectDirPath = "";
			projectRoot = "";
			targets = (
				9A2668191E5E780C00D1F592 /* Clean Water */,
				9A26682D1E5E780C00D1F592 /* Clean WaterTests */,
				9A2668381E5E780C00D1F592 /* Clean WaterUITests */,
			);
		};
/* End PBXProject section */

/* Begin PBXResourcesBuildPhase section */
		9A2668181E5E780C00D1F592 /* Resources */ = {
			isa = PBXResourcesBuildPhase;
			buildActionMask = 2147483647;
			files = (
				9A2668281E5E780C00D1F592 /* LaunchScreen.storyboard in Resources */,
				9AECB5701E84C4670084A9D1 /* GoogleService-Info.plist in Resources */,
				9AABAE791EACF10500D4CBC9 /* animation.gif in Resources */,
				9A2668251E5E780C00D1F592 /* Assets.xcassets in Resources */,
				9A2668231E5E780C00D1F592 /* Main.storyboard in Resources */,
				9AABAE7F1EAD55C600D4CBC9 /* animation_blue.gif in Resources */,
			);
			runOnlyForDeploymentPostprocessing = 0;
		};
		9A26682C1E5E780C00D1F592 /* Resources */ = {
			isa = PBXResourcesBuildPhase;
			buildActionMask = 2147483647;
			files = (
			);
			runOnlyForDeploymentPostprocessing = 0;
		};
		9A2668371E5E780C00D1F592 /* Resources */ = {
			isa = PBXResourcesBuildPhase;
			buildActionMask = 2147483647;
			files = (
			);
			runOnlyForDeploymentPostprocessing = 0;
		};
/* End PBXResourcesBuildPhase section */

/* Begin PBXShellScriptBuildPhase section */
		02F332C59BCF7048E550D403 /* [CP] Check Pods Manifest.lock */ = {
			isa = PBXShellScriptBuildPhase;
			buildActionMask = 2147483647;
			files = (
			);
			inputPaths = (
			);
			name = "[CP] Check Pods Manifest.lock";
			outputPaths = (
			);
			runOnlyForDeploymentPostprocessing = 0;
			shellPath = /bin/sh;
			shellScript = "diff \"${PODS_ROOT}/../Podfile.lock\" \"${PODS_ROOT}/Manifest.lock\" > /dev/null\nif [ $? != 0 ] ; then\n    # print error to STDERR\n    echo \"error: The sandbox is not in sync with the Podfile.lock. Run 'pod install' or update your CocoaPods installation.\" >&2\n    exit 1\nfi\n";
			showEnvVarsInLog = 0;
		};
		042A1149A829431E5B72B21D /* [CP] Copy Pods Resources */ = {
			isa = PBXShellScriptBuildPhase;
			buildActionMask = 2147483647;
			files = (
			);
			inputPaths = (
			);
			name = "[CP] Copy Pods Resources";
			outputPaths = (
			);
			runOnlyForDeploymentPostprocessing = 0;
			shellPath = /bin/sh;
			shellScript = "\"${SRCROOT}/Pods/Target Support Files/Pods-Clean WaterTests/Pods-Clean WaterTests-resources.sh\"\n";
			showEnvVarsInLog = 0;
		};
		23DDAC49CA936264A9B63FCA /* [CP] Check Pods Manifest.lock */ = {
			isa = PBXShellScriptBuildPhase;
			buildActionMask = 2147483647;
			files = (
			);
			inputPaths = (
			);
			name = "[CP] Check Pods Manifest.lock";
			outputPaths = (
			);
			runOnlyForDeploymentPostprocessing = 0;
			shellPath = /bin/sh;
			shellScript = "diff \"${PODS_ROOT}/../Podfile.lock\" \"${PODS_ROOT}/Manifest.lock\" > /dev/null\nif [ $? != 0 ] ; then\n    # print error to STDERR\n    echo \"error: The sandbox is not in sync with the Podfile.lock. Run 'pod install' or update your CocoaPods installation.\" >&2\n    exit 1\nfi\n";
			showEnvVarsInLog = 0;
		};
		2A398D2570F12CFEB65A7330 /* [CP] Copy Pods Resources */ = {
			isa = PBXShellScriptBuildPhase;
			buildActionMask = 2147483647;
			files = (
			);
			inputPaths = (
			);
			name = "[CP] Copy Pods Resources";
			outputPaths = (
			);
			runOnlyForDeploymentPostprocessing = 0;
			shellPath = /bin/sh;
			shellScript = "\"${SRCROOT}/Pods/Target Support Files/Pods-Clean WaterUITests/Pods-Clean WaterUITests-resources.sh\"\n";
			showEnvVarsInLog = 0;
		};
		2CDAF208915CE21E8C56A2DF /* [CP] Embed Pods Frameworks */ = {
			isa = PBXShellScriptBuildPhase;
			buildActionMask = 2147483647;
			files = (
			);
			inputPaths = (
			);
			name = "[CP] Embed Pods Frameworks";
			outputPaths = (
			);
			runOnlyForDeploymentPostprocessing = 0;
			shellPath = /bin/sh;
			shellScript = "\"${SRCROOT}/Pods/Target Support Files/Pods-Clean WaterUITests/Pods-Clean WaterUITests-frameworks.sh\"\n";
			showEnvVarsInLog = 0;
		};
		9F2355C1CC7392F68535D0E4 /* [CP] Check Pods Manifest.lock */ = {
			isa = PBXShellScriptBuildPhase;
			buildActionMask = 2147483647;
			files = (
			);
			inputPaths = (
			);
			name = "[CP] Check Pods Manifest.lock";
			outputPaths = (
			);
			runOnlyForDeploymentPostprocessing = 0;
			shellPath = /bin/sh;
			shellScript = "diff \"${PODS_ROOT}/../Podfile.lock\" \"${PODS_ROOT}/Manifest.lock\" > /dev/null\nif [ $? != 0 ] ; then\n    # print error to STDERR\n    echo \"error: The sandbox is not in sync with the Podfile.lock. Run 'pod install' or update your CocoaPods installation.\" >&2\n    exit 1\nfi\n";
			showEnvVarsInLog = 0;
		};
		AA4A06400445BEDA08C0466D /* [CP] Copy Pods Resources */ = {
			isa = PBXShellScriptBuildPhase;
			buildActionMask = 2147483647;
			files = (
			);
			inputPaths = (
			);
			name = "[CP] Copy Pods Resources";
			outputPaths = (
			);
			runOnlyForDeploymentPostprocessing = 0;
			shellPath = /bin/sh;
			shellScript = "\"${SRCROOT}/Pods/Target Support Files/Pods-Clean Water/Pods-Clean Water-resources.sh\"\n";
			showEnvVarsInLog = 0;
		};
		B58A8EAA9264DEB1729FC6DA /* [CP] Embed Pods Frameworks */ = {
			isa = PBXShellScriptBuildPhase;
			buildActionMask = 2147483647;
			files = (
			);
			inputPaths = (
			);
			name = "[CP] Embed Pods Frameworks";
			outputPaths = (
			);
			runOnlyForDeploymentPostprocessing = 0;
			shellPath = /bin/sh;
			shellScript = "\"${SRCROOT}/Pods/Target Support Files/Pods-Clean Water/Pods-Clean Water-frameworks.sh\"\n";
			showEnvVarsInLog = 0;
		};
		CA2C0B04D4DB1E1B6730AF63 /* [CP] Embed Pods Frameworks */ = {
			isa = PBXShellScriptBuildPhase;
			buildActionMask = 2147483647;
			files = (
			);
			inputPaths = (
			);
			name = "[CP] Embed Pods Frameworks";
			outputPaths = (
			);
			runOnlyForDeploymentPostprocessing = 0;
			shellPath = /bin/sh;
			shellScript = "\"${SRCROOT}/Pods/Target Support Files/Pods-Clean WaterTests/Pods-Clean WaterTests-frameworks.sh\"\n";
			showEnvVarsInLog = 0;
		};
/* End PBXShellScriptBuildPhase section */

/* Begin PBXSourcesBuildPhase section */
		9A2668161E5E780C00D1F592 /* Sources */ = {
			isa = PBXSourcesBuildPhase;
			buildActionMask = 2147483647;
			files = (
				9A9F33D91E85E65F00D18E27 /* SettingsTableViewController.swift in Sources */,
				9AABAE7D1EAD3EF300D4CBC9 /* ReportViewController.swift in Sources */,
				9A2A955A1E8628FF0098EE2E /* TabBarController.swift in Sources */,
				9A9F33DB1E85E8B900D18E27 /* EditTableViewController.swift in Sources */,
				9AC631721EADD45E00AD057D /* SweetAlert.swift in Sources */,
				9A3D04061E84D63F00097C7A /* WaterReportViewController.swift in Sources */,
				9A3D04081E84E17000097C7A /* NewWaterReportViewController.swift in Sources */,
				9AC631701EADC9F600AD057D /* SubmitPurityViewController.swift in Sources */,
				9A4DABAD1E5E82A000AB9DB4 /* LoginViewController.swift in Sources */,
				9AC6316E1EADC80900AD057D /* SubmitAvailabilityViewController.swift in Sources */,
				9AE67A751E675C4E0004DA53 /* GoogleMapsViewController.swift in Sources */,
				9A2668201E5E780C00D1F592 /* IndexViewController.swift in Sources */,
				9AABAE811EAD5E4400D4CBC9 /* GraphViewController.swift in Sources */,
				9A9F33D51E85CF1600D18E27 /* UserModel.xcdatamodeld in Sources */,
				9A26681E1E5E780C00D1F592 /* AppDelegate.swift in Sources */,
				9A4DABAF1E5E82DA00AB9DB4 /* RegisterViewController.swift in Sources */,
				9A2A95581E8620510098EE2E /* ColorExtension.swift in Sources */,
			);
			runOnlyForDeploymentPostprocessing = 0;
		};
		9A26682A1E5E780C00D1F592 /* Sources */ = {
			isa = PBXSourcesBuildPhase;
			buildActionMask = 2147483647;
			files = (
				9A2668331E5E780C00D1F592 /* Clean_WaterTests.swift in Sources */,
			);
			runOnlyForDeploymentPostprocessing = 0;
		};
		9A2668351E5E780C00D1F592 /* Sources */ = {
			isa = PBXSourcesBuildPhase;
			buildActionMask = 2147483647;
			files = (
				9A26683E1E5E780C00D1F592 /* Clean_WaterUITests.swift in Sources */,
			);
			runOnlyForDeploymentPostprocessing = 0;
		};
/* End PBXSourcesBuildPhase section */

/* Begin PBXTargetDependency section */
		9A2668301E5E780C00D1F592 /* PBXTargetDependency */ = {
			isa = PBXTargetDependency;
			target = 9A2668191E5E780C00D1F592 /* Clean Water */;
			targetProxy = 9A26682F1E5E780C00D1F592 /* PBXContainerItemProxy */;
		};
		9A26683B1E5E780C00D1F592 /* PBXTargetDependency */ = {
			isa = PBXTargetDependency;
			target = 9A2668191E5E780C00D1F592 /* Clean Water */;
			targetProxy = 9A26683A1E5E780C00D1F592 /* PBXContainerItemProxy */;
		};
/* End PBXTargetDependency section */

/* Begin PBXVariantGroup section */
		9A2668211E5E780C00D1F592 /* Main.storyboard */ = {
			isa = PBXVariantGroup;
			children = (
				9A2668221E5E780C00D1F592 /* Base */,
			);
			name = Main.storyboard;
			sourceTree = "<group>";
		};
		9A2668261E5E780C00D1F592 /* LaunchScreen.storyboard */ = {
			isa = PBXVariantGroup;
			children = (
				9A2668271E5E780C00D1F592 /* Base */,
			);
			name = LaunchScreen.storyboard;
			sourceTree = "<group>";
		};
/* End PBXVariantGroup section */

/* Begin XCBuildConfiguration section */
		9A2668401E5E780C00D1F592 /* Debug */ = {
			isa = XCBuildConfiguration;
			buildSettings = {
				ALWAYS_SEARCH_USER_PATHS = NO;
				CLANG_ANALYZER_NONNULL = YES;
				CLANG_CXX_LANGUAGE_STANDARD = "gnu++0x";
				CLANG_CXX_LIBRARY = "libc++";
				CLANG_ENABLE_MODULES = YES;
				CLANG_ENABLE_OBJC_ARC = YES;
				CLANG_WARN_BOOL_CONVERSION = YES;
				CLANG_WARN_CONSTANT_CONVERSION = YES;
				CLANG_WARN_DIRECT_OBJC_ISA_USAGE = YES_ERROR;
				CLANG_WARN_DOCUMENTATION_COMMENTS = YES;
				CLANG_WARN_EMPTY_BODY = YES;
				CLANG_WARN_ENUM_CONVERSION = YES;
				CLANG_WARN_INFINITE_RECURSION = YES;
				CLANG_WARN_INT_CONVERSION = YES;
				CLANG_WARN_OBJC_ROOT_CLASS = YES_ERROR;
				CLANG_WARN_SUSPICIOUS_MOVE = YES;
				CLANG_WARN_UNREACHABLE_CODE = YES;
				CLANG_WARN__DUPLICATE_METHOD_MATCH = YES;
				"CODE_SIGN_IDENTITY[sdk=iphoneos*]" = "iPhone Developer";
				COPY_PHASE_STRIP = NO;
				DEBUG_INFORMATION_FORMAT = dwarf;
				ENABLE_STRICT_OBJC_MSGSEND = YES;
				ENABLE_TESTABILITY = YES;
				GCC_C_LANGUAGE_STANDARD = gnu99;
				GCC_DYNAMIC_NO_PIC = NO;
				GCC_NO_COMMON_BLOCKS = YES;
				GCC_OPTIMIZATION_LEVEL = 0;
				GCC_PREPROCESSOR_DEFINITIONS = (
					"DEBUG=1",
					"$(inherited)",
				);
				GCC_WARN_64_TO_32_BIT_CONVERSION = YES;
				GCC_WARN_ABOUT_RETURN_TYPE = YES_ERROR;
				GCC_WARN_UNDECLARED_SELECTOR = YES;
				GCC_WARN_UNINITIALIZED_AUTOS = YES_AGGRESSIVE;
				GCC_WARN_UNUSED_FUNCTION = YES;
				GCC_WARN_UNUSED_VARIABLE = YES;
				IPHONEOS_DEPLOYMENT_TARGET = 10.2;
				MTL_ENABLE_DEBUG_INFO = YES;
				ONLY_ACTIVE_ARCH = YES;
				SDKROOT = iphoneos;
				SWIFT_ACTIVE_COMPILATION_CONDITIONS = DEBUG;
				SWIFT_OPTIMIZATION_LEVEL = "-Onone";
				TARGETED_DEVICE_FAMILY = "1,2";
			};
			name = Debug;
		};
		9A2668411E5E780C00D1F592 /* Release */ = {
			isa = XCBuildConfiguration;
			buildSettings = {
				ALWAYS_SEARCH_USER_PATHS = NO;
				CLANG_ANALYZER_NONNULL = YES;
				CLANG_CXX_LANGUAGE_STANDARD = "gnu++0x";
				CLANG_CXX_LIBRARY = "libc++";
				CLANG_ENABLE_MODULES = YES;
				CLANG_ENABLE_OBJC_ARC = YES;
				CLANG_WARN_BOOL_CONVERSION = YES;
				CLANG_WARN_CONSTANT_CONVERSION = YES;
				CLANG_WARN_DIRECT_OBJC_ISA_USAGE = YES_ERROR;
				CLANG_WARN_DOCUMENTATION_COMMENTS = YES;
				CLANG_WARN_EMPTY_BODY = YES;
				CLANG_WARN_ENUM_CONVERSION = YES;
				CLANG_WARN_INFINITE_RECURSION = YES;
				CLANG_WARN_INT_CONVERSION = YES;
				CLANG_WARN_OBJC_ROOT_CLASS = YES_ERROR;
				CLANG_WARN_SUSPICIOUS_MOVE = YES;
				CLANG_WARN_UNREACHABLE_CODE = YES;
				CLANG_WARN__DUPLICATE_METHOD_MATCH = YES;
				"CODE_SIGN_IDENTITY[sdk=iphoneos*]" = "iPhone Developer";
				COPY_PHASE_STRIP = NO;
				DEBUG_INFORMATION_FORMAT = "dwarf-with-dsym";
				ENABLE_NS_ASSERTIONS = NO;
				ENABLE_STRICT_OBJC_MSGSEND = YES;
				GCC_C_LANGUAGE_STANDARD = gnu99;
				GCC_NO_COMMON_BLOCKS = YES;
				GCC_WARN_64_TO_32_BIT_CONVERSION = YES;
				GCC_WARN_ABOUT_RETURN_TYPE = YES_ERROR;
				GCC_WARN_UNDECLARED_SELECTOR = YES;
				GCC_WARN_UNINITIALIZED_AUTOS = YES_AGGRESSIVE;
				GCC_WARN_UNUSED_FUNCTION = YES;
				GCC_WARN_UNUSED_VARIABLE = YES;
				IPHONEOS_DEPLOYMENT_TARGET = 10.2;
				MTL_ENABLE_DEBUG_INFO = NO;
				SDKROOT = iphoneos;
				SWIFT_OPTIMIZATION_LEVEL = "-Owholemodule";
				TARGETED_DEVICE_FAMILY = "1,2";
				VALIDATE_PRODUCT = YES;
			};
			name = Release;
		};
		9A2668431E5E780C00D1F592 /* Debug */ = {
			isa = XCBuildConfiguration;
			baseConfigurationReference = B689572D0945AFF5CA7AFF86 /* Pods-Clean Water.debug.xcconfig */;
			buildSettings = {
				ASSETCATALOG_COMPILER_APPICON_NAME = AppIcon;
				DEVELOPMENT_TEAM = LWRX96C84L;
				INFOPLIST_FILE = "Clean Water/Info.plist";
				LD_RUNPATH_SEARCH_PATHS = "$(inherited) @executable_path/Frameworks";
				PRODUCT_BUNDLE_IDENTIFIER = "FourAndAHalfMen.Clean-Water";
				PRODUCT_NAME = "$(TARGET_NAME)";
				SWIFT_VERSION = 3.0;
				TARGETED_DEVICE_FAMILY = 1;
			};
			name = Debug;
		};
		9A2668441E5E780C00D1F592 /* Release */ = {
			isa = XCBuildConfiguration;
			baseConfigurationReference = A4343F62FA6EE788B2E362AC /* Pods-Clean Water.release.xcconfig */;
			buildSettings = {
				ASSETCATALOG_COMPILER_APPICON_NAME = AppIcon;
				DEVELOPMENT_TEAM = LWRX96C84L;
				INFOPLIST_FILE = "Clean Water/Info.plist";
				LD_RUNPATH_SEARCH_PATHS = "$(inherited) @executable_path/Frameworks";
				PRODUCT_BUNDLE_IDENTIFIER = "FourAndAHalfMen.Clean-Water";
				PRODUCT_NAME = "$(TARGET_NAME)";
				SWIFT_VERSION = 3.0;
				TARGETED_DEVICE_FAMILY = 1;
			};
			name = Release;
		};
		9A2668461E5E780C00D1F592 /* Debug */ = {
			isa = XCBuildConfiguration;
			baseConfigurationReference = 06D08755CD655C64E5329174 /* Pods-Clean WaterTests.debug.xcconfig */;
			buildSettings = {
				ALWAYS_EMBED_SWIFT_STANDARD_LIBRARIES = YES;
				BUNDLE_LOADER = "$(TEST_HOST)";
				INFOPLIST_FILE = "Clean WaterTests/Info.plist";
				LD_RUNPATH_SEARCH_PATHS = "$(inherited) @executable_path/Frameworks @loader_path/Frameworks";
				PRODUCT_BUNDLE_IDENTIFIER = "Varun-Ballari.Clean-WaterTests";
				PRODUCT_NAME = "$(TARGET_NAME)";
				SWIFT_VERSION = 3.0;
				TEST_HOST = "$(BUILT_PRODUCTS_DIR)/Clean Water.app/Clean Water";
			};
			name = Debug;
		};
		9A2668471E5E780C00D1F592 /* Release */ = {
			isa = XCBuildConfiguration;
			baseConfigurationReference = 929DD51AD13332E84FEF7DDF /* Pods-Clean WaterTests.release.xcconfig */;
			buildSettings = {
				ALWAYS_EMBED_SWIFT_STANDARD_LIBRARIES = YES;
				BUNDLE_LOADER = "$(TEST_HOST)";
				INFOPLIST_FILE = "Clean WaterTests/Info.plist";
				LD_RUNPATH_SEARCH_PATHS = "$(inherited) @executable_path/Frameworks @loader_path/Frameworks";
				PRODUCT_BUNDLE_IDENTIFIER = "Varun-Ballari.Clean-WaterTests";
				PRODUCT_NAME = "$(TARGET_NAME)";
				SWIFT_VERSION = 3.0;
				TEST_HOST = "$(BUILT_PRODUCTS_DIR)/Clean Water.app/Clean Water";
			};
			name = Release;
		};
		9A2668491E5E780C00D1F592 /* Debug */ = {
			isa = XCBuildConfiguration;
			baseConfigurationReference = FB988146CFE5D18D7640D490 /* Pods-Clean WaterUITests.debug.xcconfig */;
			buildSettings = {
				ALWAYS_EMBED_SWIFT_STANDARD_LIBRARIES = YES;
				INFOPLIST_FILE = "Clean WaterUITests/Info.plist";
				LD_RUNPATH_SEARCH_PATHS = "$(inherited) @executable_path/Frameworks @loader_path/Frameworks";
				PRODUCT_BUNDLE_IDENTIFIER = "Varun-Ballari.Clean-WaterUITests";
				PRODUCT_NAME = "$(TARGET_NAME)";
				SWIFT_VERSION = 3.0;
				TEST_TARGET_NAME = "Clean Water";
			};
			name = Debug;
		};
		9A26684A1E5E780C00D1F592 /* Release */ = {
			isa = XCBuildConfiguration;
			baseConfigurationReference = 325DE12AE941587476FCE947 /* Pods-Clean WaterUITests.release.xcconfig */;
			buildSettings = {
				ALWAYS_EMBED_SWIFT_STANDARD_LIBRARIES = YES;
				INFOPLIST_FILE = "Clean WaterUITests/Info.plist";
				LD_RUNPATH_SEARCH_PATHS = "$(inherited) @executable_path/Frameworks @loader_path/Frameworks";
				PRODUCT_BUNDLE_IDENTIFIER = "Varun-Ballari.Clean-WaterUITests";
				PRODUCT_NAME = "$(TARGET_NAME)";
				SWIFT_VERSION = 3.0;
				TEST_TARGET_NAME = "Clean Water";
			};
			name = Release;
		};
/* End XCBuildConfiguration section */

/* Begin XCConfigurationList section */
		9A2668151E5E780C00D1F592 /* Build configuration list for PBXProject "Clean Water" */ = {
			isa = XCConfigurationList;
			buildConfigurations = (
				9A2668401E5E780C00D1F592 /* Debug */,
				9A2668411E5E780C00D1F592 /* Release */,
			);
			defaultConfigurationIsVisible = 0;
			defaultConfigurationName = Release;
		};
		9A2668421E5E780C00D1F592 /* Build configuration list for PBXNativeTarget "Clean Water" */ = {
			isa = XCConfigurationList;
			buildConfigurations = (
				9A2668431E5E780C00D1F592 /* Debug */,
				9A2668441E5E780C00D1F592 /* Release */,
			);
			defaultConfigurationIsVisible = 0;
			defaultConfigurationName = Release;
		};
		9A2668451E5E780C00D1F592 /* Build configuration list for PBXNativeTarget "Clean WaterTests" */ = {
			isa = XCConfigurationList;
			buildConfigurations = (
				9A2668461E5E780C00D1F592 /* Debug */,
				9A2668471E5E780C00D1F592 /* Release */,
			);
			defaultConfigurationIsVisible = 0;
			defaultConfigurationName = Release;
		};
		9A2668481E5E780C00D1F592 /* Build configuration list for PBXNativeTarget "Clean WaterUITests" */ = {
			isa = XCConfigurationList;
			buildConfigurations = (
				9A2668491E5E780C00D1F592 /* Debug */,
				9A26684A1E5E780C00D1F592 /* Release */,
			);
			defaultConfigurationIsVisible = 0;
			defaultConfigurationName = Release;
		};
/* End XCConfigurationList section */

/* Begin XCVersionGroup section */
		9A9F33D31E85CF1600D18E27 /* UserModel.xcdatamodeld */ = {
			isa = XCVersionGroup;
			children = (
				9A9F33D41E85CF1600D18E27 /* UserModel.xcdatamodel */,
			);
			currentVersion = 9A9F33D41E85CF1600D18E27 /* UserModel.xcdatamodel */;
			path = UserModel.xcdatamodeld;
			sourceTree = "<group>";
			versionGroupType = wrapper.xcdatamodel;
		};
/* End XCVersionGroup section */
	};
	rootObject = 9A2668121E5E780C00D1F592 /* Project object */;
}
